
Microsoft Visual Studio Solution File, Format Version 12.00
# Visual Studio Version 16
VisualStudioVersion = 16.0.31025.194
MinimumVisualStudioVersion = 10.0.40219.1
Project("{FAE04EC0-301F-11D3-BF4B-00C04F79EFBC}") = "Lab2", "Lab2\Lab2.csproj", "{3CD18F1F-B5F9-4637-A7F0-9683642CDF9D}"
EndProject
Global
	GlobalSection(SolutionConfigurationPlatforms) = preSolution
		Debug|Any CPU = Debug|Any CPU
		Release|Any CPU = Release|Any CPU
	EndGlobalSection
	GlobalSection(ProjectConfigurationPlatforms) = postSolution
		{3CD18F1F-B5F9-4637-A7F0-9683642CDF9D}.Debug|Any CPU.ActiveCfg = Debug|Any CPU
		{3CD18F1F-B5F9-4637-A7F0-9683642CDF9D}.Debug|Any CPU.Build.0 = Debug|Any CPU
		{3CD18F1F-B5F9-4637-A7F0-9683642CDF9D}.Release|Any CPU.ActiveCfg = Release|Any CPU
		{3CD18F1F-B5F9-4637-A7F0-9683642CDF9D}.Release|Any CPU.Build.0 = Release|Any CPU
	EndGlobalSection
	GlobalSection(SolutionProperties) = preSolution
		HideSolutionNode = FALSE
	EndGlobalSection
	GlobalSection(ExtensibilityGlobals) = postSolution
		SolutionGuid = {EA9631FE-7E7C-43A0-B95E-64C30B692436}
	EndGlobalSection
EndGlobal
